// !$*UTF8*$!
{
	archiveVersion = 1;
	classes = {
	};
	objectVersion = 55;
	objects = {

/* Begin PBXBuildFile section */
		4C2AFD092805F00500CE397F /* AppDelegate.swift in Sources */ = {isa = PBXBuildFile; fileRef = 4C2AFD082805F00500CE397F /* AppDelegate.swift */; };
		4C2AFD0B2805F00500CE397F /* SceneDelegate.swift in Sources */ = {isa = PBXBuildFile; fileRef = 4C2AFD0A2805F00500CE397F /* SceneDelegate.swift */; };
		4C2AFD0D2805F00500CE397F /* BoxOfficeVC.swift in Sources */ = {isa = PBXBuildFile; fileRef = 4C2AFD0C2805F00500CE397F /* BoxOfficeVC.swift */; };
		4C2AFD102805F00500CE397F /* Main.storyboard in Resources */ = {isa = PBXBuildFile; fileRef = 4C2AFD0E2805F00500CE397F /* Main.storyboard */; };
		4C2AFD122805F00700CE397F /* Assets.xcassets in Resources */ = {isa = PBXBuildFile; fileRef = 4C2AFD112805F00700CE397F /* Assets.xcassets */; };
		4C2AFD152805F00700CE397F /* LaunchScreen.storyboard in Resources */ = {isa = PBXBuildFile; fileRef = 4C2AFD132805F00700CE397F /* LaunchScreen.storyboard */; };
		4C2AFD1D2805F1AB00CE397F /* Model.swift in Sources */ = {isa = PBXBuildFile; fileRef = 4C2AFD1C2805F1AB00CE397F /* Model.swift */; };
		4C2AFD202805F4A800CE397F /* SDWebImage in Frameworks */ = {isa = PBXBuildFile; productRef = 4C2AFD1F2805F4A800CE397F /* SDWebImage */; };
		4C2AFD222805F4FA00CE397F /* PosterCVC.swift in Sources */ = {isa = PBXBuildFile; fileRef = 4C2AFD212805F4FA00CE397F /* PosterCVC.swift */; };
		4C2AFD252805FBDF00CE397F /* YouTubeiOSPlayerHelper in Frameworks */ = {isa = PBXBuildFile; productRef = 4C2AFD242805FBDF00CE397F /* YouTubeiOSPlayerHelper */; };
/* End PBXBuildFile section */

/* Begin PBXFileReference section */
		4C2AFD052805F00500CE397F /* BhuvanCollectionViewDemo.app */ = {isa = PBXFileReference; explicitFileType = wrapper.application; includeInIndex = 0; path = BhuvanCollectionViewDemo.app; sourceTree = BUILT_PRODUCTS_DIR; };
		4C2AFD082805F00500CE397F /* AppDelegate.swift */ = {isa = PBXFileReference; lastKnownFileType = sourcecode.swift; path = AppDelegate.swift; sourceTree = "<group>"; };
		4C2AFD0A2805F00500CE397F /* SceneDelegate.swift */ = {isa = PBXFileReference; lastKnownFileType = sourcecode.swift; path = SceneDelegate.swift; sourceTree = "<group>"; };
		4C2AFD0C2805F00500CE397F /* BoxOfficeVC.swift */ = {isa = PBXFileReference; lastKnownFileType = sourcecode.swift; path = BoxOfficeVC.swift; sourceTree = "<group>"; };
		4C2AFD0F2805F00500CE397F /* Base */ = {isa = PBXFileReference; lastKnownFileType = file.storyboard; name = Base; path = Base.lproj/Main.storyboard; sourceTree = "<group>"; };
		4C2AFD112805F00700CE397F /* Assets.xcassets */ = {isa = PBXFileReference; lastKnownFileType = folder.assetcatalog; path = Assets.xcassets; sourceTree = "<group>"; };
		4C2AFD142805F00700CE397F /* Base */ = {isa = PBXFileReference; lastKnownFileType = file.storyboard; name = Base; path = Base.lproj/LaunchScreen.storyboard; sourceTree = "<group>"; };
		4C2AFD162805F00700CE397F /* Info.plist */ = {isa = PBXFileReference; lastKnownFileType = text.plist.xml; path = Info.plist; sourceTree = "<group>"; };
		4C2AFD1C2805F1AB00CE397F /* Model.swift */ = {isa = PBXFileReference; lastKnownFileType = sourcecode.swift; path = Model.swift; sourceTree = "<group>"; };
		4C2AFD212805F4FA00CE397F /* PosterCVC.swift */ = {isa = PBXFileReference; lastKnownFileType = sourcecode.swift; path = PosterCVC.swift; sourceTree = "<group>"; };
/* End PBXFileReference section */

/* Begin PBXFrameworksBuildPhase section */
		4C2AFD022805F00500CE397F /* Frameworks */ = {
			isa = PBXFrameworksBuildPhase;
			buildActionMask = 2147483647;
			files = (
				4C2AFD202805F4A800CE397F /* SDWebImage in Frameworks */,
				4C2AFD252805FBDF00CE397F /* YouTubeiOSPlayerHelper in Frameworks */,
			);
			runOnlyForDeploymentPostprocessing = 0;
		};
/* End PBXFrameworksBuildPhase section */

/* Begin PBXGroup section */
		4C2AFCFC2805F00500CE397F = {
			isa = PBXGroup;
			children = (
				4C2AFD072805F00500CE397F /* BhuvanCollectionViewDemo */,
				4C2AFD062805F00500CE397F /* Products */,
			);
			sourceTree = "<group>";
		};
		4C2AFD062805F00500CE397F /* Products */ = {
			isa = PBXGroup;
			children = (
				4C2AFD052805F00500CE397F /* BhuvanCollectionViewDemo.app */,
			);
			name = Products;
			sourceTree = "<group>";
		};
		4C2AFD072805F00500CE397F /* BhuvanCollectionViewDemo */ = {
			isa = PBXGroup;
			children = (
				4C2AFD082805F00500CE397F /* AppDelegate.swift */,
				4C2AFD0A2805F00500CE397F /* SceneDelegate.swift */,
				4C2AFD0C2805F00500CE397F /* BoxOfficeVC.swift */,
				4C2AFD212805F4FA00CE397F /* PosterCVC.swift */,
				4C2AFD0E2805F00500CE397F /* Main.storyboard */,
				4C2AFD1C2805F1AB00CE397F /* Model.swift */,
				4C2AFD112805F00700CE397F /* Assets.xcassets */,
				4C2AFD132805F00700CE397F /* LaunchScreen.storyboard */,
				4C2AFD162805F00700CE397F /* Info.plist */,
			);
			path = BhuvanCollectionViewDemo;
			sourceTree = "<group>";
		};
/* End PBXGroup section */

/* Begin PBXNativeTarget section */
		4C2AFD042805F00500CE397F /* BhuvanCollectionViewDemo */ = {
			isa = PBXNativeTarget;
			buildConfigurationList = 4C2AFD192805F00700CE397F /* Build configuration list for PBXNativeTarget "BhuvanCollectionViewDemo" */;
			buildPhases = (
				4C2AFD012805F00500CE397F /* Sources */,
				4C2AFD022805F00500CE397F /* Frameworks */,
				4C2AFD032805F00500CE397F /* Resources */,
			);
			buildRules = (
			);
			dependencies = (
			);
			name = BhuvanCollectionViewDemo;
			packageProductDependencies = (
				4C2AFD1F2805F4A800CE397F /* SDWebImage */,
				4C2AFD242805FBDF00CE397F /* YouTubeiOSPlayerHelper */,
			);
			productName = BhuvanCollectionViewDemo;
			productReference = 4C2AFD052805F00500CE397F /* BhuvanCollectionViewDemo.app */;
			productType = "com.apple.product-type.application";
		};
/* End PBXNativeTarget section */

/* Begin PBXProject section */
		4C2AFCFD2805F00500CE397F /* Project object */ = {
			isa = PBXProject;
			attributes = {
				BuildIndependentTargetsInParallel = 1;
				LastSwiftUpdateCheck = 1320;
				LastUpgradeCheck = 1320;
				TargetAttributes = {
					4C2AFD042805F00500CE397F = {
						CreatedOnToolsVersion = 13.2.1;
					};
				};
			};
			buildConfigurationList = 4C2AFD002805F00500CE397F /* Build configuration list for PBXProject "BhuvanCollectionViewDemo" */;
			compatibilityVersion = "Xcode 13.0";
			developmentRegion = en;
			hasScannedForEncodings = 0;
			knownRegions = (
				en,
				Base,
			);
			mainGroup = 4C2AFCFC2805F00500CE397F;
			packageReferences = (
				4C2AFD1E2805F4A800CE397F /* XCRemoteSwiftPackageReference "SDWebImage" */,
				4C2AFD232805FBDF00CE397F /* XCRemoteSwiftPackageReference "youtube-ios-player-helper" */,
			);
			productRefGroup = 4C2AFD062805F00500CE397F /* Products */;
			projectDirPath = "";
			projectRoot = "";
			targets = (
				4C2AFD042805F00500CE397F /* BhuvanCollectionViewDemo */,
			);
		};
/* End PBXProject section */

/* Begin PBXResourcesBuildPhase section */
		4C2AFD032805F00500CE397F /* Resources */ = {
			isa = PBXResourcesBuildPhase;
			buildActionMask = 2147483647;
			files = (
				4C2AFD152805F00700CE397F /* LaunchScreen.storyboard in Resources */,
				4C2AFD122805F00700CE397F /* Assets.xcassets in Resources */,
				4C2AFD102805F00500CE397F /* Main.storyboard in Resources */,
			);
			runOnlyForDeploymentPostprocessing = 0;
		};
/* End PBXResourcesBuildPhase section */

/* Begin PBXSourcesBuildPhase section */
		4C2AFD012805F00500CE397F /* Sources */ = {
			isa = PBXSourcesBuildPhase;
			buildActionMask = 2147483647;
			files = (
				4C2AFD0D2805F00500CE397F /* BoxOfficeVC.swift in Sources */,
				4C2AFD092805F00500CE397F /* AppDelegate.swift in Sources */,
				4C2AFD0B2805F00500CE397F /* SceneDelegate.swift in Sources */,
				4C2AFD1D2805F1AB00CE397F /* Model.swift in Sources */,
				4C2AFD222805F4FA00CE397F /* PosterCVC.swift in Sources */,
			);
			runOnlyForDeploymentPostprocessing = 0;
		};
/* End PBXSourcesBuildPhase section */

/* Begin PBXVariantGroup section */
		4C2AFD0E2805F00500CE397F /* Main.storyboard */ = {
			isa = PBXVariantGroup;
			children = (
				4C2AFD0F2805F00500CE397F /* Base */,
			);
			name = Main.storyboard;
			sourceTree = "<group>";
		};
		4C2AFD132805F00700CE397F /* LaunchScreen.storyboard */ = {
			isa = PBXVariantGroup;
			children = (
				4C2AFD142805F00700CE397F /* Base */,
			);
			name = LaunchScreen.storyboard;
			sourceTree = "<group>";
		};
/* End PBXVariantGroup section */

/* Begin XCBuildConfiguration section */
		4C2AFD172805F00700CE397F /* Debug */ = {
			isa = XCBuildConfiguration;
			buildSettings = {
				ALWAYS_SEARCH_USER_PATHS = NO;
				CLANG_ANALYZER_NONNULL = YES;
				CLANG_ANALYZER_NUMBER_OBJECT_CONVERSION = YES_AGGRESSIVE;
				CLANG_CXX_LANGUAGE_STANDARD = "gnu++17";
				CLANG_CXX_LIBRARY = "libc++";
				CLANG_ENABLE_MODULES = YES;
				CLANG_ENABLE_OBJC_ARC = YES;
				CLANG_ENABLE_OBJC_WEAK = YES;
				CLANG_WARN_BLOCK_CAPTURE_AUTORELEASING = YES;
				CLANG_WARN_BOOL_CONVERSION = YES;
				CLANG_WARN_COMMA = YES;
				CLANG_WARN_CONSTANT_CONVERSION = YES;
				CLANG_WARN_DEPRECATED_OBJC_IMPLEMENTATIONS = YES;
				CLANG_WARN_DIRECT_OBJC_ISA_USAGE = YES_ERROR;
				CLANG_WARN_DOCUMENTATION_COMMENTS = YES;
				CLANG_WARN_EMPTY_BODY = YES;
				CLANG_WARN_ENUM_CONVERSION = YES;
				CLANG_WARN_INFINITE_RECURSION = YES;
				CLANG_WARN_INT_CONVERSION = YES;
				CLANG_WARN_NON_LITERAL_NULL_CONVERSION = YES;
				CLANG_WARN_OBJC_IMPLICIT_RETAIN_SELF = YES;
				CLANG_WARN_OBJC_LITERAL_CONVERSION = YES;
				CLANG_WARN_OBJC_ROOT_CLASS = YES_ERROR;
				CLANG_WARN_QUOTED_INCLUDE_IN_FRAMEWORK_HEADER = YES;
				CLANG_WARN_RANGE_LOOP_ANALYSIS = YES;
				CLANG_WARN_STRICT_PROTOTYPES = YES;
				CLANG_WARN_SUSPICIOUS_MOVE = YES;
				CLANG_WARN_UNGUARDED_AVAILABILITY = YES_AGGRESSIVE;
				CLANG_WARN_UNREACHABLE_CODE = YES;
				CLANG_WARN__DUPLICATE_METHOD_MATCH = YES;
				COPY_PHASE_STRIP = NO;
				DEBUG_INFORMATION_FORMAT = dwarf;
				ENABLE_STRICT_OBJC_MSGSEND = YES;
				ENABLE_TESTABILITY = YES;
				GCC_C_LANGUAGE_STANDARD = gnu11;
				GCC_DYNAMIC_NO_PIC = NO;
				GCC_NO_COMMON_BLOCKS = YES;
				GCC_OPTIMIZATION_LEVEL = 0;
				GCC_PREPROCESSOR_DEFINITIONS = (
					"DEBUG=1",
					"$(inherited)",
				);
				GCC_WARN_64_TO_32_BIT_CONVERSION = YES;
				GCC_WARN_ABOUT_RETURN_TYPE = YES_ERROR;
				GCC_WARN_UNDECLARED_SELECTOR = YES;
				GCC_WARN_UNINITIALIZED_AUTOS = YES_AGGRESSIVE;
				GCC_WARN_UNUSED_FUNCTION = YES;
				GCC_WARN_UNUSED_VARIABLE = YES;
				IPHONEOS_DEPLOYMENT_TARGET = 15.2;
				MTL_ENABLE_DEBUG_INFO = INCLUDE_SOURCE;
				MTL_FAST_MATH = YES;
				ONLY_ACTIVE_ARCH = YES;
				SDKROOT = iphoneos;
				SWIFT_ACTIVE_COMPILATION_CONDITIONS = DEBUG;
				SWIFT_OPTIMIZATION_LEVEL = "-Onone";
			};
			name = Debug;
		};
		4C2AFD182805F00700CE397F /* Release */ = {
			isa = XCBuildConfiguration;
			buildSettings = {
				ALWAYS_SEARCH_USER_PATHS = NO;
				CLANG_ANALYZER_NONNULL = YES;
				CLANG_ANALYZER_NUMBER_OBJECT_CONVERSION = YES_AGGRESSIVE;
				CLANG_CXX_LANGUAGE_STANDARD = "gnu++17";
				CLANG_CXX_LIBRARY = "libc++";
				CLANG_ENABLE_MODULES = YES;
				CLANG_ENABLE_OBJC_ARC = YES;
				CLANG_ENABLE_OBJC_WEAK = YES;
				CLANG_WARN_BLOCK_CAPTURE_AUTORELEASING = YES;
				CLANG_WARN_BOOL_CONVERSION = YES;
				CLANG_WARN_COMMA = YES;
				CLANG_WARN_CONSTANT_CONVERSION = YES;
				CLANG_WARN_DEPRECATED_OBJC_IMPLEMENTATIONS = YES;
				CLANG_WARN_DIRECT_OBJC_ISA_USAGE = YES_ERROR;
				CLANG_WARN_DOCUMENTATION_COMMENTS = YES;
				CLANG_WARN_EMPTY_BODY = YES;
				CLANG_WARN_ENUM_CONVERSION = YES;
				CLANG_WARN_INFINITE_RECURSION = YES;
				CLANG_WARN_INT_CONVERSION = YES;
				CLANG_WARN_NON_LITERAL_NULL_CONVERSION = YES;
				CLANG_WARN_OBJC_IMPLICIT_RETAIN_SELF = YES;
				CLANG_WARN_OBJC_LITERAL_CONVERSION = YES;
				CLANG_WARN_OBJC_ROOT_CLASS = YES_ERROR;
				CLANG_WARN_QUOTED_INCLUDE_IN_FRAMEWORK_HEADER = YES;
				CLANG_WARN_RANGE_LOOP_ANALYSIS = YES;
				CLANG_WARN_STRICT_PROTOTYPES = YES;
				CLANG_WARN_SUSPICIOUS_MOVE = YES;
				CLANG_WARN_UNGUARDED_AVAILABILITY = YES_AGGRESSIVE;
				CLANG_WARN_UNREACHABLE_CODE = YES;
				CLANG_WARN__DUPLICATE_METHOD_MATCH = YES;
				COPY_PHASE_STRIP = NO;
				DEBUG_INFORMATION_FORMAT = "dwarf-with-dsym";
				ENABLE_NS_ASSERTIONS = NO;
				ENABLE_STRICT_OBJC_MSGSEND = YES;
				GCC_C_LANGUAGE_STANDARD = gnu11;
				GCC_NO_COMMON_BLOCKS = YES;
				GCC_WARN_64_TO_32_BIT_CONVERSION = YES;
				GCC_WARN_ABOUT_RETURN_TYPE = YES_ERROR;
				GCC_WARN_UNDECLARED_SELECTOR = YES;
				GCC_WARN_UNINITIALIZED_AUTOS = YES_AGGRESSIVE;
				GCC_WARN_UNUSED_FUNCTION = YES;
				GCC_WARN_UNUSED_VARIABLE = YES;
				IPHONEOS_DEPLOYMENT_TARGET = 15.2;
				MTL_ENABLE_DEBUG_INFO = NO;
				MTL_FAST_MATH = YES;
				SDKROOT = iphoneos;
				SWIFT_COMPILATION_MODE = wholemodule;
				SWIFT_OPTIMIZATION_LEVEL = "-O";
				VALIDATE_PRODUCT = YES;
			};
			name = Release;
		};
		4C2AFD1A2805F00700CE397F /* Debug */ = {
			isa = XCBuildConfiguration;
			buildSettings = {
				ASSETCATALOG_COMPILER_APPICON_NAME = AppIcon;
				ASSETCATALOG_COMPILER_GLOBAL_ACCENT_COLOR_NAME = AccentColor;
				CODE_SIGN_STYLE = Automatic;
				CURRENT_PROJECT_VERSION = 1;
				DEVELOPMENT_TEAM = XS6AS72642;
				GENERATE_INFOPLIST_FILE = YES;
				INFOPLIST_FILE = BhuvanCollectionViewDemo/Info.plist;
				INFOPLIST_KEY_UIApplicationSupportsIndirectInputEvents = YES;
				INFOPLIST_KEY_UILaunchStoryboardName = LaunchScreen;
				INFOPLIST_KEY_UIMainStoryboardFile = Main;
				INFOPLIST_KEY_UISupportedInterfaceOrientations_iPad = "UIInterfaceOrientationPortrait UIInterfaceOrientationPortraitUpsideDown UIInterfaceOrientationLandscapeLeft UIInterfaceOrientationLandscapeRight";
				INFOPLIST_KEY_UISupportedInterfaceOrientations_iPhone = "UIInterfaceOrientationPortrait UIInterfaceOrientationLandscapeLeft UIInterfaceOrientationLandscapeRight";
				LD_RUNPATH_SEARCH_PATHS = (
					"$(inherited)",
					"@executable_path/Frameworks",
				);
				MARKETING_VERSION = 1.0;
				PRODUCT_BUNDLE_IDENTIFIER = edu.nwmissouri.BhuvanCollectionViewDemo;
				PRODUCT_NAME = "$(TARGET_NAME)";
				SWIFT_EMIT_LOC_STRINGS = YES;
				SWIFT_VERSION = 5.0;
				TARGETED_DEVICE_FAMILY = "1,2";
			};
			name = Debug;
		};
		4C2AFD1B2805F00700CE397F /* Release */ = {
			isa = XCBuildConfiguration;
			buildSettings = {
				ASSETCATALOG_COMPILER_APPICON_NAME = AppIcon;
				ASSETCATALOG_COMPILER_GLOBAL_ACCENT_COLOR_NAME = AccentColor;
				CODE_SIGN_STYLE = Automatic;
				CURRENT_PROJECT_VERSION = 1;
				DEVELOPMENT_TEAM = XS6AS72642;
				GENERATE_INFOPLIST_FILE = YES;
				INFOPLIST_FILE = BhuvanCollectionViewDemo/Info.plist;
				INFOPLIST_KEY_UIApplicationSupportsIndirectInputEvents = YES;
				INFOPLIST_KEY_UILaunchStoryboardName = LaunchScreen;
				INFOPLIST_KEY_UIMainStoryboardFile = Main;
				INFOPLIST_KEY_UISupportedInterfaceOrientations_iPad = "UIInterfaceOrientationPortrait UIInterfaceOrientationPortraitUpsideDown UIInterfaceOrientationLandscapeLeft UIInterfaceOrientationLandscapeRight";
				INFOPLIST_KEY_UISupportedInterfaceOrientations_iPhone = "UIInterfaceOrientationPortrait UIInterfaceOrientationLandscapeLeft UIInterfaceOrientationLandscapeRight";
				LD_RUNPATH_SEARCH_PATHS = (
					"$(inherited)",
					"@executable_path/Frameworks",
				);
				MARKETING_VERSION = 1.0;
				PRODUCT_BUNDLE_IDENTIFIER = edu.nwmissouri.BhuvanCollectionViewDemo;
				PRODUCT_NAME = "$(TARGET_NAME)";
				SWIFT_EMIT_LOC_STRINGS = YES;
				SWIFT_VERSION = 5.0;
				TARGETED_DEVICE_FAMILY = "1,2";
			};
			name = Release;
		};
/* End XCBuildConfiguration section */

/* Begin XCConfigurationList section */
		4C2AFD002805F00500CE397F /* Build configuration list for PBXProject "BhuvanCollectionViewDemo" */ = {
			isa = XCConfigurationList;
			buildConfigurations = (
				4C2AFD172805F00700CE397F /* Debug */,
				4C2AFD182805F00700CE397F /* Release */,
			);
			defaultConfigurationIsVisible = 0;
			defaultConfigurationName = Release;
		};
		4C2AFD192805F00700CE397F /* Build configuration list for PBXNativeTarget "BhuvanCollectionViewDemo" */ = {
			isa = XCConfigurationList;
			buildConfigurations = (
				4C2AFD1A2805F00700CE397F /* Debug */,
				4C2AFD1B2805F00700CE397F /* Release */,
			);
			defaultConfigurationIsVisible = 0;
			defaultConfigurationName = Release;
		};
/* End XCConfigurationList section */

/* Begin XCRemoteSwiftPackageReference section */
		4C2AFD1E2805F4A800CE397F /* XCRemoteSwiftPackageReference "SDWebImage" */ = {
			isa = XCRemoteSwiftPackageReference;
			repositoryURL = "https://github.com/SDWebImage/SDWebImage.git";
			requirement = {
				branch = master;
				kind = branch;
			};
		};
		4C2AFD232805FBDF00CE397F /* XCRemoteSwiftPackageReference "youtube-ios-player-helper" */ = {
			isa = XCRemoteSwiftPackageReference;
			repositoryURL = "https://github.com/youtube/youtube-ios-player-helper.git";
			requirement = {
				kind = upToNextMajorVersion;
				minimumVersion = 1.0.0;
			};
		};
/* End XCRemoteSwiftPackageReference section */

/* Begin XCSwiftPackageProductDependency section */
		4C2AFD1F2805F4A800CE397F /* SDWebImage */ = {
			isa = XCSwiftPackageProductDependency;
			package = 4C2AFD1E2805F4A800CE397F /* XCRemoteSwiftPackageReference "SDWebImage" */;
			productName = SDWebImage;
		};
		4C2AFD242805FBDF00CE397F /* YouTubeiOSPlayerHelper */ = {
			isa = XCSwiftPackageProductDependency;
			package = 4C2AFD232805FBDF00CE397F /* XCRemoteSwiftPackageReference "youtube-ios-player-helper" */;
			productName = YouTubeiOSPlayerHelper;
		};
/* End XCSwiftPackageProductDependency section */
	};
	rootObject = 4C2AFCFD2805F00500CE397F /* Project object */;
}
